
Microsoft Visual Studio Solution File, Format Version 12.00
# Visual Studio 15
VisualStudioVersion = 15.0.28010.2046
MinimumVisualStudioVersion = 10.0.40219.1
Project("{FAE04EC0-301F-11D3-BF4B-00C04F79EFBC}") = "ReusedResourcesDemo.Android", "ReusedResourcesDemo\ReusedResourcesDemo.Android\ReusedResourcesDemo.Android.csproj", "{605AEEE5-31FC-4B59-A3FC-B634B2C548BA}"
EndProject
Project("{FAE04EC0-301F-11D3-BF4B-00C04F79EFBC}") = "ReusedResourcesDemo.iOS", "ReusedResourcesDemo\ReusedResourcesDemo.iOS\ReusedResourcesDemo.iOS.csproj", "{A89A19DB-1B14-49D2-A2F5-65170C90C7BB}"
EndProject
Project("{FAE04EC0-301F-11D3-BF4B-00C04F79EFBC}") = "ReusedResourcesDemo", "ReusedResourcesDemo\ReusedResourcesDemo\ReusedResourcesDemo.csproj", "{495C9AB3-5C66-45F7-BB8E-00E05D1B3E5F}"
EndProject
Global
	GlobalSection(SolutionConfigurationPlatforms) = preSolution
		Ad-Hoc|Any CPU = Ad-Hoc|Any CPU
		Ad-Hoc|iPhone = Ad-Hoc|iPhone
		Ad-Hoc|iPhoneSimulator = Ad-Hoc|iPhoneSimulator
		AppStore|Any CPU = AppStore|Any CPU
		AppStore|iPhone = AppStore|iPhone
		AppStore|iPhoneSimulator = AppStore|iPhoneSimulator
		Debug|Any CPU = Debug|Any CPU
		Debug|iPhone = Debug|iPhone
		Debug|iPhoneSimulator = Debug|iPhoneSimulator
		Release|Any CPU = Release|Any CPU
		Release|iPhone = Release|iPhone
		Release|iPhoneSimulator = Release|iPhoneSimulator
	EndGlobalSection
	GlobalSection(ProjectConfigurationPlatforms) = postSolution
		{605AEEE5-31FC-4B59-A3FC-B634B2C548BA}.Ad-Hoc|Any CPU.ActiveCfg = Release|Any CPU
		{605AEEE5-31FC-4B59-A3FC-B634B2C548BA}.Ad-Hoc|Any CPU.Build.0 = Release|Any CPU
		{605AEEE5-31FC-4B59-A3FC-B634B2C548BA}.Ad-Hoc|Any CPU.Deploy.0 = Release|Any CPU
		{605AEEE5-31FC-4B59-A3FC-B634B2C548BA}.Ad-Hoc|iPhone.ActiveCfg = Release|Any CPU
		{605AEEE5-31FC-4B59-A3FC-B634B2C548BA}.Ad-Hoc|iPhone.Build.0 = Release|Any CPU
		{605AEEE5-31FC-4B59-A3FC-B634B2C548BA}.Ad-Hoc|iPhone.Deploy.0 = Release|Any CPU
		{605AEEE5-31FC-4B59-A3FC-B634B2C548BA}.Ad-Hoc|iPhoneSimulator.ActiveCfg = Release|Any CPU
		{605AEEE5-31FC-4B59-A3FC-B634B2C548BA}.Ad-Hoc|iPhoneSimulator.Build.0 = Release|Any CPU
		{605AEEE5-31FC-4B59-A3FC-B634B2C548BA}.Ad-Hoc|iPhoneSimulator.Deploy.0 = Release|Any CPU
		{605AEEE5-31FC-4B59-A3FC-B634B2C548BA}.AppStore|Any CPU.ActiveCfg = Release|Any CPU
		{605AEEE5-31FC-4B59-A3FC-B634B2C548BA}.AppStore|Any CPU.Build.0 = Release|Any CPU
		{605AEEE5-31FC-4B59-A3FC-B634B2C548BA}.AppStore|Any CPU.Deploy.0 = Release|Any CPU
		{605AEEE5-31FC-4B59-A3FC-B634B2C548BA}.AppStore|iPhone.ActiveCfg = Release|Any CPU
		{605AEEE5-31FC-4B59-A3FC-B634B2C548BA}.AppStore|iPhone.Build.0 = Release|Any CPU
		{605AEEE5-31FC-4B59-A3FC-B634B2C548BA}.AppStore|iPhone.Deploy.0 = Release|Any CPU
		{605AEEE5-31FC-4B59-A3FC-B634B2C548BA}.AppStore|iPhoneSimulator.ActiveCfg = Release|Any CPU
		{605AEEE5-31FC-4B59-A3FC-B634B2C548BA}.AppStore|iPhoneSimulator.Build.0 = Release|Any CPU
		{605AEEE5-31FC-4B59-A3FC-B634B2C548BA}.AppStore|iPhoneSimulator.Deploy.0 = Release|Any CPU
		{605AEEE5-31FC-4B59-A3FC-B634B2C548BA}.Debug|Any CPU.ActiveCfg = Debug|Any CPU
		{605AEEE5-31FC-4B59-A3FC-B634B2C548BA}.Debug|Any CPU.Build.0 = Debug|Any CPU
		{605AEEE5-31FC-4B59-A3FC-B634B2C548BA}.Debug|Any CPU.Deploy.0 = Debug|Any CPU
		{605AEEE5-31FC-4B59-A3FC-B634B2C548BA}.Debug|iPhone.ActiveCfg = Debug|Any CPU
		{605AEEE5-31FC-4B59-A3FC-B634B2C548BA}.Debug|iPhone.Build.0 = Debug|Any CPU
		{605AEEE5-31FC-4B59-A3FC-B634B2C548BA}.Debug|iPhone.Deploy.0 = Debug|Any CPU
		{605AEEE5-31FC-4B59-A3FC-B634B2C548BA}.Debug|iPhoneSimulator.ActiveCfg = Debug|Any CPU
		{605AEEE5-31FC-4B59-A3FC-B634B2C548BA}.Debug|iPhoneSimulator.Build.0 = Debug|Any CPU
		{605AEEE5-31FC-4B59-A3FC-B634B2C548BA}.Debug|iPhoneSimulator.Deploy.0 = Debug|Any CPU
		{605AEEE5-31FC-4B59-A3FC-B634B2C548BA}.Release|Any CPU.ActiveCfg = Release|Any CPU
		{605AEEE5-31FC-4B59-A3FC-B634B2C548BA}.Release|Any CPU.Build.0 = Release|Any CPU
		{605AEEE5-31FC-4B59-A3FC-B634B2C548BA}.Release|Any CPU.Deploy.0 = Release|Any CPU
		{605AEEE5-31FC-4B59-A3FC-B634B2C548BA}.Release|iPhone.ActiveCfg = Release|Any CPU
		{605AEEE5-31FC-4B59-A3FC-B634B2C548BA}.Release|iPhone.Build.0 = Release|Any CPU
		{605AEEE5-31FC-4B59-A3FC-B634B2C548BA}.Release|iPhone.Deploy.0 = Release|Any CPU
		{605AEEE5-31FC-4B59-A3FC-B634B2C548BA}.Release|iPhoneSimulator.ActiveCfg = Release|Any CPU
		{605AEEE5-31FC-4B59-A3FC-B634B2C548BA}.Release|iPhoneSimulator.Build.0 = Release|Any CPU
		{605AEEE5-31FC-4B59-A3FC-B634B2C548BA}.Release|iPhoneSimulator.Deploy.0 = Release|Any CPU
		{A89A19DB-1B14-49D2-A2F5-65170C90C7BB}.Ad-Hoc|Any CPU.ActiveCfg = Ad-Hoc|iPhone
		{A89A19DB-1B14-49D2-A2F5-65170C90C7BB}.Ad-Hoc|Any CPU.Build.0 = Ad-Hoc|iPhone
		{A89A19DB-1B14-49D2-A2F5-65170C90C7BB}.Ad-Hoc|Any CPU.Deploy.0 = Ad-Hoc|iPhone
		{A89A19DB-1B14-49D2-A2F5-65170C90C7BB}.Ad-Hoc|iPhone.ActiveCfg = Ad-Hoc|iPhone
		{A89A19DB-1B14-49D2-A2F5-65170C90C7BB}.Ad-Hoc|iPhone.Build.0 = Ad-Hoc|iPhone
		{A89A19DB-1B14-49D2-A2F5-65170C90C7BB}.Ad-Hoc|iPhone.Deploy.0 = Ad-Hoc|iPhone
		{A89A19DB-1B14-49D2-A2F5-65170C90C7BB}.Ad-Hoc|iPhoneSimulator.ActiveCfg = Ad-Hoc|iPhoneSimulator
		{A89A19DB-1B14-49D2-A2F5-65170C90C7BB}.Ad-Hoc|iPhoneSimulator.Build.0 = Ad-Hoc|iPhoneSimulator
		{A89A19DB-1B14-49D2-A2F5-65170C90C7BB}.Ad-Hoc|iPhoneSimulator.Deploy.0 = Ad-Hoc|iPhoneSimulator
		{A89A19DB-1B14-49D2-A2F5-65170C90C7BB}.AppStore|Any CPU.ActiveCfg = AppStore|iPhone
		{A89A19DB-1B14-49D2-A2F5-65170C90C7BB}.AppStore|Any CPU.Build.0 = AppStore|iPhone
		{A89A19DB-1B14-49D2-A2F5-65170C90C7BB}.AppStore|Any CPU.Deploy.0 = AppStore|iPhone
		{A89A19DB-1B14-49D2-A2F5-65170C90C7BB}.AppStore|iPhone.ActiveCfg = AppStore|iPhone
		{A89A19DB-1B14-49D2-A2F5-65170C90C7BB}.AppStore|iPhone.Build.0 = AppStore|iPhone
		{A89A19DB-1B14-49D2-A2F5-65170C90C7BB}.AppStore|iPhone.Deploy.0 = AppStore|iPhone
		{A89A19DB-1B14-49D2-A2F5-65170C90C7BB}.AppStore|iPhoneSimulator.ActiveCfg = AppStore|iPhoneSimulator
		{A89A19DB-1B14-49D2-A2F5-65170C90C7BB}.AppStore|iPhoneSimulator.Build.0 = AppStore|iPhoneSimulator
		{A89A19DB-1B14-49D2-A2F5-65170C90C7BB}.AppStore|iPhoneSimulator.Deploy.0 = AppStore|iPhoneSimulator
		{A89A19DB-1B14-49D2-A2F5-65170C90C7BB}.Debug|Any CPU.ActiveCfg = Debug|iPhoneSimulator
		{A89A19DB-1B14-49D2-A2F5-65170C90C7BB}.Debug|Any CPU.Build.0 = Debug|iPhoneSimulator
		{A89A19DB-1B14-49D2-A2F5-65170C90C7BB}.Debug|Any CPU.Deploy.0 = Debug|iPhoneSimulator
		{A89A19DB-1B14-49D2-A2F5-65170C90C7BB}.Debug|iPhone.ActiveCfg = Debug|iPhone
		{A89A19DB-1B14-49D2-A2F5-65170C90C7BB}.Debug|iPhone.Build.0 = Debug|iPhone
		{A89A19DB-1B14-49D2-A2F5-65170C90C7BB}.Debug|iPhone.Deploy.0 = Debug|iPhone
		{A89A19DB-1B14-49D2-A2F5-65170C90C7BB}.Debug|iPhoneSimulator.ActiveCfg = Debug|iPhoneSimulator
		{A89A19DB-1B14-49D2-A2F5-65170C90C7BB}.Debug|iPhoneSimulator.Build.0 = Debug|iPhoneSimulator
		{A89A19DB-1B14-49D2-A2F5-65170C90C7BB}.Debug|iPhoneSimulator.Deploy.0 = Debug|iPhoneSimulator
		{A89A19DB-1B14-49D2-A2F5-65170C90C7BB}.Release|Any CPU.ActiveCfg = Release|iPhone
		{A89A19DB-1B14-49D2-A2F5-65170C90C7BB}.Release|Any CPU.Build.0 = Release|iPhone
		{A89A19DB-1B14-49D2-A2F5-65170C90C7BB}.Release|Any CPU.Deploy.0 = Release|iPhone
		{A89A19DB-1B14-49D2-A2F5-65170C90C7BB}.Release|iPhone.ActiveCfg = Release|iPhone
		{A89A19DB-1B14-49D2-A2F5-65170C90C7BB}.Release|iPhone.Build.0 = Release|iPhone
		{A89A19DB-1B14-49D2-A2F5-65170C90C7BB}.Release|iPhone.Deploy.0 = Release|iPhone
		{A89A19DB-1B14-49D2-A2F5-65170C90C7BB}.Release|iPhoneSimulator.ActiveCfg = Release|iPhoneSimulator
		{A89A19DB-1B14-49D2-A2F5-65170C90C7BB}.Release|iPhoneSimulator.Build.0 = Release|iPhoneSimulator
		{A89A19DB-1B14-49D2-A2F5-65170C90C7BB}.Release|iPhoneSimulator.Deploy.0 = Release|iPhoneSimulator
		{495C9AB3-5C66-45F7-BB8E-00E05D1B3E5F}.Ad-Hoc|Any CPU.ActiveCfg = Debug|Any CPU
		{495C9AB3-5C66-45F7-BB8E-00E05D1B3E5F}.Ad-Hoc|Any CPU.Build.0 = Debug|Any CPU
		{495C9AB3-5C66-45F7-BB8E-00E05D1B3E5F}.Ad-Hoc|Any CPU.Deploy.0 = Debug|Any CPU
		{495C9AB3-5C66-45F7-BB8E-00E05D1B3E5F}.Ad-Hoc|iPhone.ActiveCfg = Debug|Any CPU
		{495C9AB3-5C66-45F7-BB8E-00E05D1B3E5F}.Ad-Hoc|iPhone.Build.0 = Debug|Any CPU
		{495C9AB3-5C66-45F7-BB8E-00E05D1B3E5F}.Ad-Hoc|iPhone.Deploy.0 = Debug|Any CPU
		{495C9AB3-5C66-45F7-BB8E-00E05D1B3E5F}.Ad-Hoc|iPhoneSimulator.ActiveCfg = Debug|Any CPU
		{495C9AB3-5C66-45F7-BB8E-00E05D1B3E5F}.Ad-Hoc|iPhoneSimulator.Build.0 = Debug|Any CPU
		{495C9AB3-5C66-45F7-BB8E-00E05D1B3E5F}.Ad-Hoc|iPhoneSimulator.Deploy.0 = Debug|Any CPU
		{495C9AB3-5C66-45F7-BB8E-00E05D1B3E5F}.AppStore|Any CPU.ActiveCfg = Debug|Any CPU
		{495C9AB3-5C66-45F7-BB8E-00E05D1B3E5F}.AppStore|Any CPU.Build.0 = Debug|Any CPU
		{495C9AB3-5C66-45F7-BB8E-00E05D1B3E5F}.AppStore|Any CPU.Deploy.0 = Debug|Any CPU
		{495C9AB3-5C66-45F7-BB8E-00E05D1B3E5F}.AppStore|iPhone.ActiveCfg = Debug|Any CPU
		{495C9AB3-5C66-45F7-BB8E-00E05D1B3E5F}.AppStore|iPhone.Build.0 = Debug|Any CPU
		{495C9AB3-5C66-45F7-BB8E-00E05D1B3E5F}.AppStore|iPhone.Deploy.0 = Debug|Any CPU
		{495C9AB3-5C66-45F7-BB8E-00E05D1B3E5F}.AppStore|iPhoneSimulator.ActiveCfg = Debug|Any CPU
		{495C9AB3-5C66-45F7-BB8E-00E05D1B3E5F}.AppStore|iPhoneSimulator.Build.0 = Debug|Any CPU
		{495C9AB3-5C66-45F7-BB8E-00E05D1B3E5F}.AppStore|iPhoneSimulator.Deploy.0 = Debug|Any CPU
		{495C9AB3-5C66-45F7-BB8E-00E05D1B3E5F}.Debug|Any CPU.ActiveCfg = Debug|Any CPU
		{495C9AB3-5C66-45F7-BB8E-00E05D1B3E5F}.Debug|Any CPU.Build.0 = Debug|Any CPU
		{495C9AB3-5C66-45F7-BB8E-00E05D1B3E5F}.Debug|Any CPU.Deploy.0 = Debug|Any CPU
		{495C9AB3-5C66-45F7-BB8E-00E05D1B3E5F}.Debug|iPhone.ActiveCfg = Debug|Any CPU
		{495C9AB3-5C66-45F7-BB8E-00E05D1B3E5F}.Debug|iPhone.Build.0 = Debug|Any CPU
		{495C9AB3-5C66-45F7-BB8E-00E05D1B3E5F}.Debug|iPhone.Deploy.0 = Debug|Any CPU
		{495C9AB3-5C66-45F7-BB8E-00E05D1B3E5F}.Debug|iPhoneSimulator.ActiveCfg = Debug|Any CPU
		{495C9AB3-5C66-45F7-BB8E-00E05D1B3E5F}.Debug|iPhoneSimulator.Build.0 = Debug|Any CPU
		{495C9AB3-5C66-45F7-BB8E-00E05D1B3E5F}.Debug|iPhoneSimulator.Deploy.0 = Debug|Any CPU
		{495C9AB3-5C66-45F7-BB8E-00E05D1B3E5F}.Release|Any CPU.ActiveCfg = Release|Any CPU
		{495C9AB3-5C66-45F7-BB8E-00E05D1B3E5F}.Release|Any CPU.Build.0 = Release|Any CPU
		{495C9AB3-5C66-45F7-BB8E-00E05D1B3E5F}.Release|Any CPU.Deploy.0 = Release|Any CPU
		{495C9AB3-5C66-45F7-BB8E-00E05D1B3E5F}.Release|iPhone.ActiveCfg = Release|Any CPU
		{495C9AB3-5C66-45F7-BB8E-00E05D1B3E5F}.Release|iPhone.Build.0 = Release|Any CPU
		{495C9AB3-5C66-45F7-BB8E-00E05D1B3E5F}.Release|iPhone.Deploy.0 = Release|Any CPU
		{495C9AB3-5C66-45F7-BB8E-00E05D1B3E5F}.Release|iPhoneSimulator.ActiveCfg = Release|Any CPU
		{495C9AB3-5C66-45F7-BB8E-00E05D1B3E5F}.Release|iPhoneSimulator.Build.0 = Release|Any CPU
		{495C9AB3-5C66-45F7-BB8E-00E05D1B3E5F}.Release|iPhoneSimulator.Deploy.0 = Release|Any CPU
	EndGlobalSection
	GlobalSection(SolutionProperties) = preSolution
		HideSolutionNode = FALSE
	EndGlobalSection
	GlobalSection(ExtensibilityGlobals) = postSolution
		SolutionGuid = {A594FFAD-8568-42B5-83DD-405837728573}
	EndGlobalSection
EndGlobal
